
Microsoft Visual Studio Solution File, Format Version 12.00
# Visual Studio 15
VisualStudioVersion = 15.0.27428.2027
MinimumVisualStudioVersion = 10.0.40219.1
Project("{FAE04EC0-301F-11D3-BF4B-00C04F79EFBC}") = "Mag.HttpClient", "Mag.HttpClient\Mag.HttpClient.csproj", "{164E4A05-BA45-484E-A0B2-EE532044F5CA}"
EndProject
Global
	GlobalSection(SolutionConfigurationPlatforms) = preSolution
		Debug|Any CPU = Debug|Any CPU
		Release|Any CPU = Release|Any CPU
	EndGlobalSection
	GlobalSection(ProjectConfigurationPlatforms) = postSolution
		{164E4A05-BA45-484E-A0B2-EE532044F5CA}.Debug|Any CPU.ActiveCfg = Debug|Any CPU
		{164E4A05-BA45-484E-A0B2-EE532044F5CA}.Debug|Any CPU.Build.0 = Debug|Any CPU
		{164E4A05-BA45-484E-A0B2-EE532044F5CA}.Release|Any CPU.ActiveCfg = Release|Any CPU
		{164E4A05-BA45-484E-A0B2-EE532044F5CA}.Release|Any CPU.Build.0 = Release|Any CPU
	EndGlobalSection
	GlobalSection(SolutionProperties) = preSolution
		HideSolutionNode = FALSE
	EndGlobalSection
	GlobalSection(ExtensibilityGlobals) = postSolution
		SolutionGuid = {CC7E869C-DC7C-4AA1-BE92-1FBCD55F7DB8}
	EndGlobalSection
EndGlobal
